// !$*UTF8*$!
{
	archiveVersion = 1;
	classes = {
	};
	objectVersion = 50;
	objects = {

/* Begin PBXBuildFile section */
		EE51491325A7068300A608C9 /* Tests_iOS.swift in Sources */ = {isa = PBXBuildFile; fileRef = EE51491225A7068300A608C9 /* Tests_iOS.swift */; };
		EE51491E25A7068300A608C9 /* Tests_macOS.swift in Sources */ = {isa = PBXBuildFile; fileRef = EE51491D25A7068300A608C9 /* Tests_macOS.swift */; };
		EE51492025A7068300A608C9 /* taskApp.swift in Sources */ = {isa = PBXBuildFile; fileRef = EE5148F725A7068200A608C9 /* taskApp.swift */; };
		EE51492125A7068300A608C9 /* taskApp.swift in Sources */ = {isa = PBXBuildFile; fileRef = EE5148F725A7068200A608C9 /* taskApp.swift */; };
		EE51492225A7068300A608C9 /* ContentView.swift in Sources */ = {isa = PBXBuildFile; fileRef = EE5148F825A7068200A608C9 /* ContentView.swift */; };
		EE51492325A7068300A608C9 /* ContentView.swift in Sources */ = {isa = PBXBuildFile; fileRef = EE5148F825A7068200A608C9 /* ContentView.swift */; };
		EE51492425A7068300A608C9 /* Assets.xcassets in Resources */ = {isa = PBXBuildFile; fileRef = EE5148F925A7068300A608C9 /* Assets.xcassets */; };
		EE51492525A7068300A608C9 /* Assets.xcassets in Resources */ = {isa = PBXBuildFile; fileRef = EE5148F925A7068300A608C9 /* Assets.xcassets */; };
/* End PBXBuildFile section */

/* Begin PBXContainerItemProxy section */
		EE51490F25A7068300A608C9 /* PBXContainerItemProxy */ = {
			isa = PBXContainerItemProxy;
			containerPortal = EE5148F225A7068200A608C9 /* Project object */;
			proxyType = 1;
			remoteGlobalIDString = EE5148FD25A7068300A608C9;
			remoteInfo = "task (iOS)";
		};
		EE51491A25A7068300A608C9 /* PBXContainerItemProxy */ = {
			isa = PBXContainerItemProxy;
			containerPortal = EE5148F225A7068200A608C9 /* Project object */;
			proxyType = 1;
			remoteGlobalIDString = EE51490525A7068300A608C9;
			remoteInfo = "task (macOS)";
		};
/* End PBXContainerItemProxy section */

/* Begin PBXFileReference section */
		EE5148F725A7068200A608C9 /* taskApp.swift */ = {isa = PBXFileReference; lastKnownFileType = sourcecode.swift; path = taskApp.swift; sourceTree = "<group>"; };
		EE5148F825A7068200A608C9 /* ContentView.swift */ = {isa = PBXFileReference; lastKnownFileType = sourcecode.swift; path = ContentView.swift; sourceTree = "<group>"; };
		EE5148F925A7068300A608C9 /* Assets.xcassets */ = {isa = PBXFileReference; lastKnownFileType = folder.assetcatalog; path = Assets.xcassets; sourceTree = "<group>"; };
		EE5148FE25A7068300A608C9 /* task.app */ = {isa = PBXFileReference; explicitFileType = wrapper.application; includeInIndex = 0; path = task.app; sourceTree = BUILT_PRODUCTS_DIR; };
		EE51490125A7068300A608C9 /* Info.plist */ = {isa = PBXFileReference; lastKnownFileType = text.plist.xml; path = Info.plist; sourceTree = "<group>"; };
		EE51490625A7068300A608C9 /* task.app */ = {isa = PBXFileReference; explicitFileType = wrapper.application; includeInIndex = 0; path = task.app; sourceTree = BUILT_PRODUCTS_DIR; };
		EE51490825A7068300A608C9 /* Info.plist */ = {isa = PBXFileReference; lastKnownFileType = text.plist.xml; path = Info.plist; sourceTree = "<group>"; };
		EE51490925A7068300A608C9 /* macOS.entitlements */ = {isa = PBXFileReference; lastKnownFileType = text.plist.entitlements; path = macOS.entitlements; sourceTree = "<group>"; };
		EE51490E25A7068300A608C9 /* Tests iOS.xctest */ = {isa = PBXFileReference; explicitFileType = wrapper.cfbundle; includeInIndex = 0; path = "Tests iOS.xctest"; sourceTree = BUILT_PRODUCTS_DIR; };
		EE51491225A7068300A608C9 /* Tests_iOS.swift */ = {isa = PBXFileReference; lastKnownFileType = sourcecode.swift; path = Tests_iOS.swift; sourceTree = "<group>"; };
		EE51491425A7068300A608C9 /* Info.plist */ = {isa = PBXFileReference; lastKnownFileType = text.plist.xml; path = Info.plist; sourceTree = "<group>"; };
		EE51491925A7068300A608C9 /* Tests macOS.xctest */ = {isa = PBXFileReference; explicitFileType = wrapper.cfbundle; includeInIndex = 0; path = "Tests macOS.xctest"; sourceTree = BUILT_PRODUCTS_DIR; };
		EE51491D25A7068300A608C9 /* Tests_macOS.swift */ = {isa = PBXFileReference; lastKnownFileType = sourcecode.swift; path = Tests_macOS.swift; sourceTree = "<group>"; };
		EE51491F25A7068300A608C9 /* Info.plist */ = {isa = PBXFileReference; lastKnownFileType = text.plist.xml; path = Info.plist; sourceTree = "<group>"; };
/* End PBXFileReference section */

/* Begin PBXFrameworksBuildPhase section */
		EE5148FB25A7068300A608C9 /* Frameworks */ = {
			isa = PBXFrameworksBuildPhase;
			buildActionMask = 2147483647;
			files = (
			);
			runOnlyForDeploymentPostprocessing = 0;
		};
		EE51490325A7068300A608C9 /* Frameworks */ = {
			isa = PBXFrameworksBuildPhase;
			buildActionMask = 2147483647;
			files = (
			);
			runOnlyForDeploymentPostprocessing = 0;
		};
		EE51490B25A7068300A608C9 /* Frameworks */ = {
			isa = PBXFrameworksBuildPhase;
			buildActionMask = 2147483647;
			files = (
			);
			runOnlyForDeploymentPostprocessing = 0;
		};
		EE51491625A7068300A608C9 /* Frameworks */ = {
			isa = PBXFrameworksBuildPhase;
			buildActionMask = 2147483647;
			files = (
			);
			runOnlyForDeploymentPostprocessing = 0;
		};
/* End PBXFrameworksBuildPhase section */

/* Begin PBXGroup section */
		EE5148F125A7068200A608C9 = {
			isa = PBXGroup;
			children = (
				EE5148F625A7068200A608C9 /* Shared */,
				EE51490025A7068300A608C9 /* iOS */,
				EE51490725A7068300A608C9 /* macOS */,
				EE51491125A7068300A608C9 /* Tests iOS */,
				EE51491C25A7068300A608C9 /* Tests macOS */,
				EE5148FF25A7068300A608C9 /* Products */,
			);
			sourceTree = "<group>";
		};
		EE5148F625A7068200A608C9 /* Shared */ = {
			isa = PBXGroup;
			children = (
				EE5148F725A7068200A608C9 /* taskApp.swift */,
				EE5148F825A7068200A608C9 /* ContentView.swift */,
				EE5148F925A7068300A608C9 /* Assets.xcassets */,
			);
			path = Shared;
			sourceTree = "<group>";
		};
		EE5148FF25A7068300A608C9 /* Products */ = {
			isa = PBXGroup;
			children = (
				EE5148FE25A7068300A608C9 /* task.app */,
				EE51490625A7068300A608C9 /* task.app */,
				EE51490E25A7068300A608C9 /* Tests iOS.xctest */,
				EE51491925A7068300A608C9 /* Tests macOS.xctest */,
			);
			name = Products;
			sourceTree = "<group>";
		};
		EE51490025A7068300A608C9 /* iOS */ = {
			isa = PBXGroup;
			children = (
				EE51490125A7068300A608C9 /* Info.plist */,
			);
			path = iOS;
			sourceTree = "<group>";
		};
		EE51490725A7068300A608C9 /* macOS */ = {
			isa = PBXGroup;
			children = (
				EE51490825A7068300A608C9 /* Info.plist */,
				EE51490925A7068300A608C9 /* macOS.entitlements */,
			);
			path = macOS;
			sourceTree = "<group>";
		};
		EE51491125A7068300A608C9 /* Tests iOS */ = {
			isa = PBXGroup;
			children = (
				EE51491225A7068300A608C9 /* Tests_iOS.swift */,
				EE51491425A7068300A608C9 /* Info.plist */,
			);
			path = "Tests iOS";
			sourceTree = "<group>";
		};
		EE51491C25A7068300A608C9 /* Tests macOS */ = {
			isa = PBXGroup;
			children = (
				EE51491D25A7068300A608C9 /* Tests_macOS.swift */,
				EE51491F25A7068300A608C9 /* Info.plist */,
			);
			path = "Tests macOS";
			sourceTree = "<group>";
		};
/* End PBXGroup section */

/* Begin PBXNativeTarget section */
		EE5148FD25A7068300A608C9 /* task (iOS) */ = {
			isa = PBXNativeTarget;
			buildConfigurationList = EE51492825A7068300A608C9 /* Build configuration list for PBXNativeTarget "task (iOS)" */;
			buildPhases = (
				EE5148FA25A7068300A608C9 /* Sources */,
				EE5148FB25A7068300A608C9 /* Frameworks */,
				EE5148FC25A7068300A608C9 /* Resources */,
			);
			buildRules = (
			);
			dependencies = (
			);
			name = "task (iOS)";
			productName = "task (iOS)";
			productReference = EE5148FE25A7068300A608C9 /* task.app */;
			productType = "com.apple.product-type.application";
		};
		EE51490525A7068300A608C9 /* task (macOS) */ = {
			isa = PBXNativeTarget;
			buildConfigurationList = EE51492B25A7068300A608C9 /* Build configuration list for PBXNativeTarget "task (macOS)" */;
			buildPhases = (
				EE51490225A7068300A608C9 /* Sources */,
				EE51490325A7068300A608C9 /* Frameworks */,
				EE51490425A7068300A608C9 /* Resources */,
			);
			buildRules = (
			);
			dependencies = (
			);
			name = "task (macOS)";
			productName = "task (macOS)";
			productReference = EE51490625A7068300A608C9 /* task.app */;
			productType = "com.apple.product-type.application";
		};
		EE51490D25A7068300A608C9 /* Tests iOS */ = {
			isa = PBXNativeTarget;
			buildConfigurationList = EE51492E25A7068300A608C9 /* Build configuration list for PBXNativeTarget "Tests iOS" */;
			buildPhases = (
				EE51490A25A7068300A608C9 /* Sources */,
				EE51490B25A7068300A608C9 /* Frameworks */,
				EE51490C25A7068300A608C9 /* Resources */,
			);
			buildRules = (
			);
			dependencies = (
				EE51491025A7068300A608C9 /* PBXTargetDependency */,
			);
			name = "Tests iOS";
			productName = "Tests iOS";
			productReference = EE51490E25A7068300A608C9 /* Tests iOS.xctest */;
			productType = "com.apple.product-type.bundle.ui-testing";
		};
		EE51491825A7068300A608C9 /* Tests macOS */ = {
			isa = PBXNativeTarget;
			buildConfigurationList = EE51493125A7068300A608C9 /* Build configuration list for PBXNativeTarget "Tests macOS" */;
			buildPhases = (
				EE51491525A7068300A608C9 /* Sources */,
				EE51491625A7068300A608C9 /* Frameworks */,
				EE51491725A7068300A608C9 /* Resources */,
			);
			buildRules = (
			);
			dependencies = (
				EE51491B25A7068300A608C9 /* PBXTargetDependency */,
			);
			name = "Tests macOS";
			productName = "Tests macOS";
			productReference = EE51491925A7068300A608C9 /* Tests macOS.xctest */;
			productType = "com.apple.product-type.bundle.ui-testing";
		};
/* End PBXNativeTarget section */

/* Begin PBXProject section */
		EE5148F225A7068200A608C9 /* Project object */ = {
			isa = PBXProject;
			attributes = {
				LastSwiftUpdateCheck = 1230;
				LastUpgradeCheck = 1230;
				TargetAttributes = {
					EE5148FD25A7068300A608C9 = {
						CreatedOnToolsVersion = 12.3;
					};
					EE51490525A7068300A608C9 = {
						CreatedOnToolsVersion = 12.3;
					};
					EE51490D25A7068300A608C9 = {
						CreatedOnToolsVersion = 12.3;
						TestTargetID = EE5148FD25A7068300A608C9;
					};
					EE51491825A7068300A608C9 = {
						CreatedOnToolsVersion = 12.3;
						TestTargetID = EE51490525A7068300A608C9;
					};
				};
			};
			buildConfigurationList = EE5148F525A7068200A608C9 /* Build configuration list for PBXProject "task" */;
			compatibilityVersion = "Xcode 9.3";
			developmentRegion = en;
			hasScannedForEncodings = 0;
			knownRegions = (
				en,
				Base,
			);
			mainGroup = EE5148F125A7068200A608C9;
			productRefGroup = EE5148FF25A7068300A608C9 /* Products */;
			projectDirPath = "";
			projectRoot = "";
			targets = (
				EE5148FD25A7068300A608C9 /* task (iOS) */,
				EE51490525A7068300A608C9 /* task (macOS) */,
				EE51490D25A7068300A608C9 /* Tests iOS */,
				EE51491825A7068300A608C9 /* Tests macOS */,
			);
		};
/* End PBXProject section */

/* Begin PBXResourcesBuildPhase section */
		EE5148FC25A7068300A608C9 /* Resources */ = {
			isa = PBXResourcesBuildPhase;
			buildActionMask = 2147483647;
			files = (
				EE51492425A7068300A608C9 /* Assets.xcassets in Resources */,
			);
			runOnlyForDeploymentPostprocessing = 0;
		};
		EE51490425A7068300A608C9 /* Resources */ = {
			isa = PBXResourcesBuildPhase;
			buildActionMask = 2147483647;
			files = (
				EE51492525A7068300A608C9 /* Assets.xcassets in Resources */,
			);
			runOnlyForDeploymentPostprocessing = 0;
		};
		EE51490C25A7068300A608C9 /* Resources */ = {
			isa = PBXResourcesBuildPhase;
			buildActionMask = 2147483647;
			files = (
			);
			runOnlyForDeploymentPostprocessing = 0;
		};
		EE51491725A7068300A608C9 /* Resources */ = {
			isa = PBXResourcesBuildPhase;
			buildActionMask = 2147483647;
			files = (
			);
			runOnlyForDeploymentPostprocessing = 0;
		};
/* End PBXResourcesBuildPhase section */

/* Begin PBXSourcesBuildPhase section */
		EE5148FA25A7068300A608C9 /* Sources */ = {
			isa = PBXSourcesBuildPhase;
			buildActionMask = 2147483647;
			files = (
				EE51492225A7068300A608C9 /* ContentView.swift in Sources */,
				EE51492025A7068300A608C9 /* taskApp.swift in Sources */,
			);
			runOnlyForDeploymentPostprocessing = 0;
		};
		EE51490225A7068300A608C9 /* Sources */ = {
			isa = PBXSourcesBuildPhase;
			buildActionMask = 2147483647;
			files = (
				EE51492325A7068300A608C9 /* ContentView.swift in Sources */,
				EE51492125A7068300A608C9 /* taskApp.swift in Sources */,
			);
			runOnlyForDeploymentPostprocessing = 0;
		};
		EE51490A25A7068300A608C9 /* Sources */ = {
			isa = PBXSourcesBuildPhase;
			buildActionMask = 2147483647;
			files = (
				EE51491325A7068300A608C9 /* Tests_iOS.swift in Sources */,
			);
			runOnlyForDeploymentPostprocessing = 0;
		};
		EE51491525A7068300A608C9 /* Sources */ = {
			isa = PBXSourcesBuildPhase;
			buildActionMask = 2147483647;
			files = (
				EE51491E25A7068300A608C9 /* Tests_macOS.swift in Sources */,
			);
			runOnlyForDeploymentPostprocessing = 0;
		};
/* End PBXSourcesBuildPhase section */

/* Begin PBXTargetDependency section */
		EE51491025A7068300A608C9 /* PBXTargetDependency */ = {
			isa = PBXTargetDependency;
			target = EE5148FD25A7068300A608C9 /* task (iOS) */;
			targetProxy = EE51490F25A7068300A608C9 /* PBXContainerItemProxy */;
		};
		EE51491B25A7068300A608C9 /* PBXTargetDependency */ = {
			isa = PBXTargetDependency;
			target = EE51490525A7068300A608C9 /* task (macOS) */;
			targetProxy = EE51491A25A7068300A608C9 /* PBXContainerItemProxy */;
		};
/* End PBXTargetDependency section */

/* Begin XCBuildConfiguration section */
		EE51492625A7068300A608C9 /* Debug */ = {
			isa = XCBuildConfiguration;
			buildSettings = {
				ALWAYS_SEARCH_USER_PATHS = NO;
				CLANG_ANALYZER_NONNULL = YES;
				CLANG_ANALYZER_NUMBER_OBJECT_CONVERSION = YES_AGGRESSIVE;
				CLANG_CXX_LANGUAGE_STANDARD = "gnu++14";
				CLANG_CXX_LIBRARY = "libc++";
				CLANG_ENABLE_MODULES = YES;
				CLANG_ENABLE_OBJC_ARC = YES;
				CLANG_ENABLE_OBJC_WEAK = YES;
				CLANG_WARN_BLOCK_CAPTURE_AUTORELEASING = YES;
				CLANG_WARN_BOOL_CONVERSION = YES;
				CLANG_WARN_COMMA = YES;
				CLANG_WARN_CONSTANT_CONVERSION = YES;
				CLANG_WARN_DEPRECATED_OBJC_IMPLEMENTATIONS = YES;
				CLANG_WARN_DIRECT_OBJC_ISA_USAGE = YES_ERROR;
				CLANG_WARN_DOCUMENTATION_COMMENTS = YES;
				CLANG_WARN_EMPTY_BODY = YES;
				CLANG_WARN_ENUM_CONVERSION = YES;
				CLANG_WARN_INFINITE_RECURSION = YES;
				CLANG_WARN_INT_CONVERSION = YES;
				CLANG_WARN_NON_LITERAL_NULL_CONVERSION = YES;
				CLANG_WARN_OBJC_IMPLICIT_RETAIN_SELF = YES;
				CLANG_WARN_OBJC_LITERAL_CONVERSION = YES;
				CLANG_WARN_OBJC_ROOT_CLASS = YES_ERROR;
				CLANG_WARN_QUOTED_INCLUDE_IN_FRAMEWORK_HEADER = YES;
				CLANG_WARN_RANGE_LOOP_ANALYSIS = YES;
				CLANG_WARN_STRICT_PROTOTYPES = YES;
				CLANG_WARN_SUSPICIOUS_MOVE = YES;
				CLANG_WARN_UNGUARDED_AVAILABILITY = YES_AGGRESSIVE;
				CLANG_WARN_UNREACHABLE_CODE = YES;
				CLANG_WARN__DUPLICATE_METHOD_MATCH = YES;
				COPY_PHASE_STRIP = NO;
				DEBUG_INFORMATION_FORMAT = dwarf;
				ENABLE_STRICT_OBJC_MSGSEND = YES;
				ENABLE_TESTABILITY = YES;
				GCC_C_LANGUAGE_STANDARD = gnu11;
				GCC_DYNAMIC_NO_PIC = NO;
				GCC_NO_COMMON_BLOCKS = YES;
				GCC_OPTIMIZATION_LEVEL = 0;
				GCC_PREPROCESSOR_DEFINITIONS = (
					"DEBUG=1",
					"$(inherited)",
				);
				GCC_WARN_64_TO_32_BIT_CONVERSION = YES;
				GCC_WARN_ABOUT_RETURN_TYPE = YES_ERROR;
				GCC_WARN_UNDECLARED_SELECTOR = YES;
				GCC_WARN_UNINITIALIZED_AUTOS = YES_AGGRESSIVE;
				GCC_WARN_UNUSED_FUNCTION = YES;
				GCC_WARN_UNUSED_VARIABLE = YES;
				MTL_ENABLE_DEBUG_INFO = INCLUDE_SOURCE;
				MTL_FAST_MATH = YES;
				ONLY_ACTIVE_ARCH = YES;
				SWIFT_ACTIVE_COMPILATION_CONDITIONS = DEBUG;
				SWIFT_OPTIMIZATION_LEVEL = "-Onone";
			};
			name = Debug;
		};
		EE51492725A7068300A608C9 /* Release */ = {
			isa = XCBuildConfiguration;
			buildSettings = {
				ALWAYS_SEARCH_USER_PATHS = NO;
				CLANG_ANALYZER_NONNULL = YES;
				CLANG_ANALYZER_NUMBER_OBJECT_CONVERSION = YES_AGGRESSIVE;
				CLANG_CXX_LANGUAGE_STANDARD = "gnu++14";
				CLANG_CXX_LIBRARY = "libc++";
				CLANG_ENABLE_MODULES = YES;
				CLANG_ENABLE_OBJC_ARC = YES;
				CLANG_ENABLE_OBJC_WEAK = YES;
				CLANG_WARN_BLOCK_CAPTURE_AUTORELEASING = YES;
				CLANG_WARN_BOOL_CONVERSION = YES;
				CLANG_WARN_COMMA = YES;
				CLANG_WARN_CONSTANT_CONVERSION = YES;
				CLANG_WARN_DEPRECATED_OBJC_IMPLEMENTATIONS = YES;
				CLANG_WARN_DIRECT_OBJC_ISA_USAGE = YES_ERROR;
				CLANG_WARN_DOCUMENTATION_COMMENTS = YES;
				CLANG_WARN_EMPTY_BODY = YES;
				CLANG_WARN_ENUM_CONVERSION = YES;
				CLANG_WARN_INFINITE_RECURSION = YES;
				CLANG_WARN_INT_CONVERSION = YES;
				CLANG_WARN_NON_LITERAL_NULL_CONVERSION = YES;
				CLANG_WARN_OBJC_IMPLICIT_RETAIN_SELF = YES;
				CLANG_WARN_OBJC_LITERAL_CONVERSION = YES;
				CLANG_WARN_OBJC_ROOT_CLASS = YES_ERROR;
				CLANG_WARN_QUOTED_INCLUDE_IN_FRAMEWORK_HEADER = YES;
				CLANG_WARN_RANGE_LOOP_ANALYSIS = YES;
				CLANG_WARN_STRICT_PROTOTYPES = YES;
				CLANG_WARN_SUSPICIOUS_MOVE = YES;
				CLANG_WARN_UNGUARDED_AVAILABILITY = YES_AGGRESSIVE;
				CLANG_WARN_UNREACHABLE_CODE = YES;
				CLANG_WARN__DUPLICATE_METHOD_MATCH = YES;
				COPY_PHASE_STRIP = NO;
				DEBUG_INFORMATION_FORMAT = "dwarf-with-dsym";
				ENABLE_NS_ASSERTIONS = NO;
				ENABLE_STRICT_OBJC_MSGSEND = YES;
				GCC_C_LANGUAGE_STANDARD = gnu11;
				GCC_NO_COMMON_BLOCKS = YES;
				GCC_WARN_64_TO_32_BIT_CONVERSION = YES;
				GCC_WARN_ABOUT_RETURN_TYPE = YES_ERROR;
				GCC_WARN_UNDECLARED_SELECTOR = YES;
				GCC_WARN_UNINITIALIZED_AUTOS = YES_AGGRESSIVE;
				GCC_WARN_UNUSED_FUNCTION = YES;
				GCC_WARN_UNUSED_VARIABLE = YES;
				MTL_ENABLE_DEBUG_INFO = NO;
				MTL_FAST_MATH = YES;
				SWIFT_COMPILATION_MODE = wholemodule;
				SWIFT_OPTIMIZATION_LEVEL = "-O";
			};
			name = Release;
		};
		EE51492925A7068300A608C9 /* Debug */ = {
			isa = XCBuildConfiguration;
			buildSettings = {
				ASSETCATALOG_COMPILER_APPICON_NAME = AppIcon;
				ASSETCATALOG_COMPILER_GLOBAL_ACCENT_COLOR_NAME = AccentColor;
				CODE_SIGN_STYLE = Automatic;
				ENABLE_PREVIEWS = YES;
				INFOPLIST_FILE = iOS/Info.plist;
				IPHONEOS_DEPLOYMENT_TARGET = 14.0;
				LD_RUNPATH_SEARCH_PATHS = (
					"$(inherited)",
					"@executable_path/Frameworks",
				);
				PRODUCT_BUNDLE_IDENTIFIER = task.task;
				PRODUCT_NAME = task;
				SDKROOT = iphoneos;
				SWIFT_VERSION = 5.0;
				TARGETED_DEVICE_FAMILY = "1,2";
			};
			name = Debug;
		};
		EE51492A25A7068300A608C9 /* Release */ = {
			isa = XCBuildConfiguration;
			buildSettings = {
				ASSETCATALOG_COMPILER_APPICON_NAME = AppIcon;
				ASSETCATALOG_COMPILER_GLOBAL_ACCENT_COLOR_NAME = AccentColor;
				CODE_SIGN_STYLE = Automatic;
				ENABLE_PREVIEWS = YES;
				INFOPLIST_FILE = iOS/Info.plist;
				IPHONEOS_DEPLOYMENT_TARGET = 14.0;
				LD_RUNPATH_SEARCH_PATHS = (
					"$(inherited)",
					"@executable_path/Frameworks",
				);
				PRODUCT_BUNDLE_IDENTIFIER = task.task;
				PRODUCT_NAME = task;
				SDKROOT = iphoneos;
				SWIFT_VERSION = 5.0;
				TARGETED_DEVICE_FAMILY = "1,2";
				VALIDATE_PRODUCT = YES;
			};
			name = Release;
		};
		EE51492C25A7068300A608C9 /* Debug */ = {
			isa = XCBuildConfiguration;
			buildSettings = {
				ASSETCATALOG_COMPILER_APPICON_NAME = AppIcon;
				ASSETCATALOG_COMPILER_GLOBAL_ACCENT_COLOR_NAME = AccentColor;
				CODE_SIGN_ENTITLEMENTS = macOS/macOS.entitlements;
				CODE_SIGN_STYLE = Automatic;
				COMBINE_HIDPI_IMAGES = YES;
				ENABLE_PREVIEWS = YES;
				INFOPLIST_FILE = macOS/Info.plist;
				LD_RUNPATH_SEARCH_PATHS = (
					"$(inherited)",
					"@executable_path/../Frameworks",
				);
				MACOSX_DEPLOYMENT_TARGET = 11.0;
				PRODUCT_BUNDLE_IDENTIFIER = task.task;
				PRODUCT_NAME = task;
				SDKROOT = macosx;
				SWIFT_VERSION = 5.0;
			};
			name = Debug;
		};
		EE51492D25A7068300A608C9 /* Release */ = {
			isa = XCBuildConfiguration;
			buildSettings = {
				ASSETCATALOG_COMPILER_APPICON_NAME = AppIcon;
				ASSETCATALOG_COMPILER_GLOBAL_ACCENT_COLOR_NAME = AccentColor;
				CODE_SIGN_ENTITLEMENTS = macOS/macOS.entitlements;
				CODE_SIGN_STYLE = Automatic;
				COMBINE_HIDPI_IMAGES = YES;
				ENABLE_PREVIEWS = YES;
				INFOPLIST_FILE = macOS/Info.plist;
				LD_RUNPATH_SEARCH_PATHS = (
					"$(inherited)",
					"@executable_path/../Frameworks",
				);
				MACOSX_DEPLOYMENT_TARGET = 11.0;
				PRODUCT_BUNDLE_IDENTIFIER = task.task;
				PRODUCT_NAME = task;
				SDKROOT = macosx;
				SWIFT_VERSION = 5.0;
			};
			name = Release;
		};
		EE51492F25A7068300A608C9 /* Debug */ = {
			isa = XCBuildConfiguration;
			buildSettings = {
				ALWAYS_EMBED_SWIFT_STANDARD_LIBRARIES = YES;
				CODE_SIGN_STYLE = Automatic;
				INFOPLIST_FILE = "Tests iOS/Info.plist";
				IPHONEOS_DEPLOYMENT_TARGET = 14.3;
				LD_RUNPATH_SEARCH_PATHS = (
					"$(inherited)",
					"@executable_path/Frameworks",
					"@loader_path/Frameworks",
				);
				PRODUCT_BUNDLE_IDENTIFIER = "task.Tests-iOS";
				PRODUCT_NAME = "$(TARGET_NAME)";
				SDKROOT = iphoneos;
				SWIFT_VERSION = 5.0;
				TARGETED_DEVICE_FAMILY = "1,2";
				TEST_TARGET_NAME = "task (iOS)";
			};
			name = Debug;
		};
		EE51493025A7068300A608C9 /* Release */ = {
			isa = XCBuildConfiguration;
			buildSettings = {
				ALWAYS_EMBED_SWIFT_STANDARD_LIBRARIES = YES;
				CODE_SIGN_STYLE = Automatic;
				INFOPLIST_FILE = "Tests iOS/Info.plist";
				IPHONEOS_DEPLOYMENT_TARGET = 14.3;
				LD_RUNPATH_SEARCH_PATHS = (
					"$(inherited)",
					"@executable_path/Frameworks",
					"@loader_path/Frameworks",
				);
				PRODUCT_BUNDLE_IDENTIFIER = "task.Tests-iOS";
				PRODUCT_NAME = "$(TARGET_NAME)";
				SDKROOT = iphoneos;
				SWIFT_VERSION = 5.0;
				TARGETED_DEVICE_FAMILY = "1,2";
				TEST_TARGET_NAME = "task (iOS)";
				VALIDATE_PRODUCT = YES;
			};
			name = Release;
		};
		EE51493225A7068300A608C9 /* Debug */ = {
			isa = XCBuildConfiguration;
			buildSettings = {
				ALWAYS_EMBED_SWIFT_STANDARD_LIBRARIES = YES;
				CODE_SIGN_STYLE = Automatic;
				COMBINE_HIDPI_IMAGES = YES;
				INFOPLIST_FILE = "Tests macOS/Info.plist";
				LD_RUNPATH_SEARCH_PATHS = (
					"$(inherited)",
					"@executable_path/../Frameworks",
					"@loader_path/../Frameworks",
				);
				MACOSX_DEPLOYMENT_TARGET = 11.1;
				PRODUCT_BUNDLE_IDENTIFIER = "task.Tests-macOS";
				PRODUCT_NAME = "$(TARGET_NAME)";
				SDKROOT = macosx;
				SWIFT_VERSION = 5.0;
				TEST_TARGET_NAME = "task (macOS)";
			};
			name = Debug;
		};
		EE51493325A7068300A608C9 /* Release */ = {
			isa = XCBuildConfiguration;
			buildSettings = {
				ALWAYS_EMBED_SWIFT_STANDARD_LIBRARIES = YES;
				CODE_SIGN_STYLE = Automatic;
				COMBINE_HIDPI_IMAGES = YES;
				INFOPLIST_FILE = "Tests macOS/Info.plist";
				LD_RUNPATH_SEARCH_PATHS = (
					"$(inherited)",
					"@executable_path/../Frameworks",
					"@loader_path/../Frameworks",
				);
				MACOSX_DEPLOYMENT_TARGET = 11.1;
				PRODUCT_BUNDLE_IDENTIFIER = "task.Tests-macOS";
				PRODUCT_NAME = "$(TARGET_NAME)";
				SDKROOT = macosx;
				SWIFT_VERSION = 5.0;
				TEST_TARGET_NAME = "task (macOS)";
			};
			name = Release;
		};
/* End XCBuildConfiguration section */

/* Begin XCConfigurationList section */
		EE5148F525A7068200A608C9 /* Build configuration list for PBXProject "task" */ = {
			isa = XCConfigurationList;
			buildConfigurations = (
				EE51492625A7068300A608C9 /* Debug */,
				EE51492725A7068300A608C9 /* Release */,
			);
			defaultConfigurationIsVisible = 0;
			defaultConfigurationName = Release;
		};
		EE51492825A7068300A608C9 /* Build configuration list for PBXNativeTarget "task (iOS)" */ = {
			isa = XCConfigurationList;
			buildConfigurations = (
				EE51492925A7068300A608C9 /* Debug */,
				EE51492A25A7068300A608C9 /* Release */,
			);
			defaultConfigurationIsVisible = 0;
			defaultConfigurationName = Release;
		};
		EE51492B25A7068300A608C9 /* Build configuration list for PBXNativeTarget "task (macOS)" */ = {
			isa = XCConfigurationList;
			buildConfigurations = (
				EE51492C25A7068300A608C9 /* Debug */,
				EE51492D25A7068300A608C9 /* Release */,
			);
			defaultConfigurationIsVisible = 0;
			defaultConfigurationName = Release;
		};
		EE51492E25A7068300A608C9 /* Build configuration list for PBXNativeTarget "Tests iOS" */ = {
			isa = XCConfigurationList;
			buildConfigurations = (
				EE51492F25A7068300A608C9 /* Debug */,
				EE51493025A7068300A608C9 /* Release */,
			);
			defaultConfigurationIsVisible = 0;
			defaultConfigurationName = Release;
		};
		EE51493125A7068300A608C9 /* Build configuration list for PBXNativeTarget "Tests macOS" */ = {
			isa = XCConfigurationList;
			buildConfigurations = (
				EE51493225A7068300A608C9 /* Debug */,
				EE51493325A7068300A608C9 /* Release */,
			);
			defaultConfigurationIsVisible = 0;
			defaultConfigurationName = Release;
		};
/* End XCConfigurationList section */
	};
	rootObject = EE5148F225A7068200A608C9 /* Project object */;
}
